
Microsoft Visual Studio Solution File, Format Version 12.00
# Visual Studio Version 16
VisualStudioVersion = 16.0.32630.194
MinimumVisualStudioVersion = 10.0.40219.1
Project("{888888A0-9F3D-457C-B088-3A5042F75D52}") = "at3 random", "at3 random.pyproj", "{64C47960-8B99-4E6A-83E5-87843226CFCA}"
EndProject
Project("{2150E333-8FDC-42A3-9474-1A3956D46DE8}") = "Solution Items", "Solution Items", "{2FB1B284-6D45-4980-88E6-AD324258DA3E}"
	ProjectSection(SolutionItems) = preProject
		at3_random.py = at3_random.py
	EndProjectSection
EndProject
Global
	GlobalSection(SolutionConfigurationPlatforms) = preSolution
		Debug|Any CPU = Debug|Any CPU
		Release|Any CPU = Release|Any CPU
	EndGlobalSection
	GlobalSection(ProjectConfigurationPlatforms) = postSolution
		{64C47960-8B99-4E6A-83E5-87843226CFCA}.Debug|Any CPU.ActiveCfg = Debug|Any CPU
		{64C47960-8B99-4E6A-83E5-87843226CFCA}.Release|Any CPU.ActiveCfg = Release|Any CPU
	EndGlobalSection
	GlobalSection(SolutionProperties) = preSolution
		HideSolutionNode = FALSE
	EndGlobalSection
	GlobalSection(ExtensibilityGlobals) = postSolution
		SolutionGuid = {FA4A9571-8680-4DD7-9990-9A69451A5819}
	EndGlobalSection
EndGlobal
